
Microsoft Visual Studio Solution File, Format Version 12.00
# Visual Studio 2013
VisualStudioVersion = 12.0.30723.0
MinimumVisualStudioVersion = 10.0.40219.1
Project("{FAE04EC0-301F-11D3-BF4B-00C04F79EFBC}") = "PhotosTimeLaps", "PhotosTimeLaps\PhotosTimeLaps.csproj", "{63640BCD-897D-404F-A05F-8DA1EA2BFBFF}"
EndProject
Global
	GlobalSection(SolutionConfigurationPlatforms) = preSolution
		Debug|Any CPU = Debug|Any CPU
		Release|Any CPU = Release|Any CPU
	EndGlobalSection
	GlobalSection(ProjectConfigurationPlatforms) = postSolution
		{63640BCD-897D-404F-A05F-8DA1EA2BFBFF}.Debug|Any CPU.ActiveCfg = Debug|Any CPU
		{63640BCD-897D-404F-A05F-8DA1EA2BFBFF}.Debug|Any CPU.Build.0 = Debug|Any CPU
		{63640BCD-897D-404F-A05F-8DA1EA2BFBFF}.Release|Any CPU.ActiveCfg = Release|Any CPU
		{63640BCD-897D-404F-A05F-8DA1EA2BFBFF}.Release|Any CPU.Build.0 = Release|Any CPU
	EndGlobalSection
	GlobalSection(SolutionProperties) = preSolution
		HideSolutionNode = FALSE
	EndGlobalSection
EndGlobal
